// !$*UTF8*$!
{
	archiveVersion = 1;
	classes = {
	};
	objectVersion = 56;
	objects = {

/* Begin PBXBuildFile section */
		E631B53028DEC4B70071A2C8 /* imageViewController.swift in Sources */ = {isa = PBXBuildFile; fileRef = E631B52F28DEC4B70071A2C8 /* imageViewController.swift */; };
		E639FF2728DEC340002D496A /* AppDelegate.swift in Sources */ = {isa = PBXBuildFile; fileRef = E639FF2628DEC340002D496A /* AppDelegate.swift */; };
		E639FF2928DEC340002D496A /* SceneDelegate.swift in Sources */ = {isa = PBXBuildFile; fileRef = E639FF2828DEC340002D496A /* SceneDelegate.swift */; };
		E639FF2B28DEC340002D496A /* ViewController.swift in Sources */ = {isa = PBXBuildFile; fileRef = E639FF2A28DEC340002D496A /* ViewController.swift */; };
		E639FF2E28DEC340002D496A /* Main.storyboard in Resources */ = {isa = PBXBuildFile; fileRef = E639FF2C28DEC340002D496A /* Main.storyboard */; };
		E639FF3028DEC341002D496A /* Assets.xcassets in Resources */ = {isa = PBXBuildFile; fileRef = E639FF2F28DEC341002D496A /* Assets.xcassets */; };
		E639FF3328DEC341002D496A /* LaunchScreen.storyboard in Resources */ = {isa = PBXBuildFile; fileRef = E639FF3128DEC341002D496A /* LaunchScreen.storyboard */; };
		E6EFEB5428DF00830056B487 /* DatePickerViewController.swift in Sources */ = {isa = PBXBuildFile; fileRef = E6EFEB5328DF00830056B487 /* DatePickerViewController.swift */; };
		E6EFEB5728DF01EB0056B487 /* lamp_off.png in Resources */ = {isa = PBXBuildFile; fileRef = E6EFEB5528DF01EB0056B487 /* lamp_off.png */; };
		E6EFEB5828DF01EB0056B487 /* lamp_on.png in Resources */ = {isa = PBXBuildFile; fileRef = E6EFEB5628DF01EB0056B487 /* lamp_on.png */; };
		E6EFEB5B28DF03630056B487 /* File.png in Resources */ = {isa = PBXBuildFile; fileRef = E6EFEB5928DF03630056B487 /* File.png */; };
		E6EFEB5C28DF03630056B487 /* Calendar32.png in Resources */ = {isa = PBXBuildFile; fileRef = E6EFEB5A28DF03630056B487 /* Calendar32.png */; };
		E6EFEB5E28DF036C0056B487 /* Pictures32.png in Resources */ = {isa = PBXBuildFile; fileRef = E6EFEB5D28DF036C0056B487 /* Pictures32.png */; };
/* End PBXBuildFile section */

/* Begin PBXFileReference section */
		E631B52F28DEC4B70071A2C8 /* imageViewController.swift */ = {isa = PBXFileReference; lastKnownFileType = sourcecode.swift; path = imageViewController.swift; sourceTree = "<group>"; };
		E639FF2328DEC340002D496A /* tabBarController.app */ = {isa = PBXFileReference; explicitFileType = wrapper.application; includeInIndex = 0; path = tabBarController.app; sourceTree = BUILT_PRODUCTS_DIR; };
		E639FF2628DEC340002D496A /* AppDelegate.swift */ = {isa = PBXFileReference; lastKnownFileType = sourcecode.swift; path = AppDelegate.swift; sourceTree = "<group>"; };
		E639FF2828DEC340002D496A /* SceneDelegate.swift */ = {isa = PBXFileReference; lastKnownFileType = sourcecode.swift; path = SceneDelegate.swift; sourceTree = "<group>"; };
		E639FF2A28DEC340002D496A /* ViewController.swift */ = {isa = PBXFileReference; lastKnownFileType = sourcecode.swift; path = ViewController.swift; sourceTree = "<group>"; };
		E639FF2D28DEC340002D496A /* Base */ = {isa = PBXFileReference; lastKnownFileType = file.storyboard; name = Base; path = Base.lproj/Main.storyboard; sourceTree = "<group>"; };
		E639FF2F28DEC341002D496A /* Assets.xcassets */ = {isa = PBXFileReference; lastKnownFileType = folder.assetcatalog; path = Assets.xcassets; sourceTree = "<group>"; };
		E639FF3228DEC341002D496A /* Base */ = {isa = PBXFileReference; lastKnownFileType = file.storyboard; name = Base; path = Base.lproj/LaunchScreen.storyboard; sourceTree = "<group>"; };
		E639FF3428DEC341002D496A /* Info.plist */ = {isa = PBXFileReference; lastKnownFileType = text.plist.xml; path = Info.plist; sourceTree = "<group>"; };
		E6EFEB5328DF00830056B487 /* DatePickerViewController.swift */ = {isa = PBXFileReference; lastKnownFileType = sourcecode.swift; path = DatePickerViewController.swift; sourceTree = "<group>"; };
		E6EFEB5528DF01EB0056B487 /* lamp_off.png */ = {isa = PBXFileReference; lastKnownFileType = image.png; path = lamp_off.png; sourceTree = "<group>"; };
		E6EFEB5628DF01EB0056B487 /* lamp_on.png */ = {isa = PBXFileReference; lastKnownFileType = image.png; path = lamp_on.png; sourceTree = "<group>"; };
		E6EFEB5928DF03630056B487 /* File.png */ = {isa = PBXFileReference; lastKnownFileType = image.png; path = File.png; sourceTree = "<group>"; };
		E6EFEB5A28DF03630056B487 /* Calendar32.png */ = {isa = PBXFileReference; lastKnownFileType = image.png; path = Calendar32.png; sourceTree = "<group>"; };
		E6EFEB5D28DF036C0056B487 /* Pictures32.png */ = {isa = PBXFileReference; lastKnownFileType = image.png; path = Pictures32.png; sourceTree = "<group>"; };
/* End PBXFileReference section */

/* Begin PBXFrameworksBuildPhase section */
		E639FF2028DEC340002D496A /* Frameworks */ = {
			isa = PBXFrameworksBuildPhase;
			buildActionMask = 2147483647;
			files = (
			);
			runOnlyForDeploymentPostprocessing = 0;
		};
/* End PBXFrameworksBuildPhase section */

/* Begin PBXGroup section */
		E639FF1A28DEC340002D496A = {
			isa = PBXGroup;
			children = (
				E639FF2528DEC340002D496A /* tabBarController */,
				E639FF2428DEC340002D496A /* Products */,
			);
			sourceTree = "<group>";
		};
		E639FF2428DEC340002D496A /* Products */ = {
			isa = PBXGroup;
			children = (
				E639FF2328DEC340002D496A /* tabBarController.app */,
			);
			name = Products;
			sourceTree = "<group>";
		};
		E639FF2528DEC340002D496A /* tabBarController */ = {
			isa = PBXGroup;
			children = (
				E639FF2628DEC340002D496A /* AppDelegate.swift */,
				E639FF2828DEC340002D496A /* SceneDelegate.swift */,
				E639FF2A28DEC340002D496A /* ViewController.swift */,
				E631B52F28DEC4B70071A2C8 /* imageViewController.swift */,
				E6EFEB5328DF00830056B487 /* DatePickerViewController.swift */,
				E639FF2C28DEC340002D496A /* Main.storyboard */,
				E639FF2F28DEC341002D496A /* Assets.xcassets */,
				E639FF3128DEC341002D496A /* LaunchScreen.storyboard */,
				E639FF3428DEC341002D496A /* Info.plist */,
				E6EFEB5528DF01EB0056B487 /* lamp_off.png */,
				E6EFEB5628DF01EB0056B487 /* lamp_on.png */,
				E6EFEB5A28DF03630056B487 /* Calendar32.png */,
				E6EFEB5928DF03630056B487 /* File.png */,
				E6EFEB5D28DF036C0056B487 /* Pictures32.png */,
			);
			path = tabBarController;
			sourceTree = "<group>";
		};
/* End PBXGroup section */

/* Begin PBXNativeTarget section */
		E639FF2228DEC340002D496A /* tabBarController */ = {
			isa = PBXNativeTarget;
			buildConfigurationList = E639FF3728DEC341002D496A /* Build configuration list for PBXNativeTarget "tabBarController" */;
			buildPhases = (
				E639FF1F28DEC340002D496A /* Sources */,
				E639FF2028DEC340002D496A /* Frameworks */,
				E639FF2128DEC340002D496A /* Resources */,
			);
			buildRules = (
			);
			dependencies = (
			);
			name = tabBarController;
			productName = tabBarController;
			productReference = E639FF2328DEC340002D496A /* tabBarController.app */;
			productType = "com.apple.product-type.application";
		};
/* End PBXNativeTarget section */

/* Begin PBXProject section */
		E639FF1B28DEC340002D496A /* Project object */ = {
			isa = PBXProject;
			attributes = {
				BuildIndependentTargetsInParallel = 1;
				LastSwiftUpdateCheck = 1400;
				LastUpgradeCheck = 1400;
				TargetAttributes = {
					E639FF2228DEC340002D496A = {
						CreatedOnToolsVersion = 14.0;
					};
				};
			};
			buildConfigurationList = E639FF1E28DEC340002D496A /* Build configuration list for PBXProject "tabBarController" */;
			compatibilityVersion = "Xcode 14.0";
			developmentRegion = en;
			hasScannedForEncodings = 0;
			knownRegions = (
				en,
				Base,
			);
			mainGroup = E639FF1A28DEC340002D496A;
			productRefGroup = E639FF2428DEC340002D496A /* Products */;
			projectDirPath = "";
			projectRoot = "";
			targets = (
				E639FF2228DEC340002D496A /* tabBarController */,
			);
		};
/* End PBXProject section */

/* Begin PBXResourcesBuildPhase section */
		E639FF2128DEC340002D496A /* Resources */ = {
			isa = PBXResourcesBuildPhase;
			buildActionMask = 2147483647;
			files = (
				E639FF3328DEC341002D496A /* LaunchScreen.storyboard in Resources */,
				E6EFEB5C28DF03630056B487 /* Calendar32.png in Resources */,
				E639FF3028DEC341002D496A /* Assets.xcassets in Resources */,
				E6EFEB5828DF01EB0056B487 /* lamp_on.png in Resources */,
				E6EFEB5B28DF03630056B487 /* File.png in Resources */,
				E6EFEB5E28DF036C0056B487 /* Pictures32.png in Resources */,
				E639FF2E28DEC340002D496A /* Main.storyboard in Resources */,
				E6EFEB5728DF01EB0056B487 /* lamp_off.png in Resources */,
			);
			runOnlyForDeploymentPostprocessing = 0;
		};
/* End PBXResourcesBuildPhase section */

/* Begin PBXSourcesBuildPhase section */
		E639FF1F28DEC340002D496A /* Sources */ = {
			isa = PBXSourcesBuildPhase;
			buildActionMask = 2147483647;
			files = (
				E639FF2B28DEC340002D496A /* ViewController.swift in Sources */,
				E6EFEB5428DF00830056B487 /* DatePickerViewController.swift in Sources */,
				E639FF2728DEC340002D496A /* AppDelegate.swift in Sources */,
				E631B53028DEC4B70071A2C8 /* imageViewController.swift in Sources */,
				E639FF2928DEC340002D496A /* SceneDelegate.swift in Sources */,
			);
			runOnlyForDeploymentPostprocessing = 0;
		};
/* End PBXSourcesBuildPhase section */

/* Begin PBXVariantGroup section */
		E639FF2C28DEC340002D496A /* Main.storyboard */ = {
			isa = PBXVariantGroup;
			children = (
				E639FF2D28DEC340002D496A /* Base */,
			);
			name = Main.storyboard;
			sourceTree = "<group>";
		};
		E639FF3128DEC341002D496A /* LaunchScreen.storyboard */ = {
			isa = PBXVariantGroup;
			children = (
				E639FF3228DEC341002D496A /* Base */,
			);
			name = LaunchScreen.storyboard;
			sourceTree = "<group>";
		};
/* End PBXVariantGroup section */

/* Begin XCBuildConfiguration section */
		E639FF3528DEC341002D496A /* Debug */ = {
			isa = XCBuildConfiguration;
			buildSettings = {
				ALWAYS_SEARCH_USER_PATHS = NO;
				CLANG_ANALYZER_NONNULL = YES;
				CLANG_ANALYZER_NUMBER_OBJECT_CONVERSION = YES_AGGRESSIVE;
				CLANG_CXX_LANGUAGE_STANDARD = "gnu++20";
				CLANG_ENABLE_MODULES = YES;
				CLANG_ENABLE_OBJC_ARC = YES;
				CLANG_ENABLE_OBJC_WEAK = YES;
				CLANG_WARN_BLOCK_CAPTURE_AUTORELEASING = YES;
				CLANG_WARN_BOOL_CONVERSION = YES;
				CLANG_WARN_COMMA = YES;
				CLANG_WARN_CONSTANT_CONVERSION = YES;
				CLANG_WARN_DEPRECATED_OBJC_IMPLEMENTATIONS = YES;
				CLANG_WARN_DIRECT_OBJC_ISA_USAGE = YES_ERROR;
				CLANG_WARN_DOCUMENTATION_COMMENTS = YES;
				CLANG_WARN_EMPTY_BODY = YES;
				CLANG_WARN_ENUM_CONVERSION = YES;
				CLANG_WARN_INFINITE_RECURSION = YES;
				CLANG_WARN_INT_CONVERSION = YES;
				CLANG_WARN_NON_LITERAL_NULL_CONVERSION = YES;
				CLANG_WARN_OBJC_IMPLICIT_RETAIN_SELF = YES;
				CLANG_WARN_OBJC_LITERAL_CONVERSION = YES;
				CLANG_WARN_OBJC_ROOT_CLASS = YES_ERROR;
				CLANG_WARN_QUOTED_INCLUDE_IN_FRAMEWORK_HEADER = YES;
				CLANG_WARN_RANGE_LOOP_ANALYSIS = YES;
				CLANG_WARN_STRICT_PROTOTYPES = YES;
				CLANG_WARN_SUSPICIOUS_MOVE = YES;
				CLANG_WARN_UNGUARDED_AVAILABILITY = YES_AGGRESSIVE;
				CLANG_WARN_UNREACHABLE_CODE = YES;
				CLANG_WARN__DUPLICATE_METHOD_MATCH = YES;
				COPY_PHASE_STRIP = NO;
				DEBUG_INFORMATION_FORMAT = dwarf;
				ENABLE_STRICT_OBJC_MSGSEND = YES;
				ENABLE_TESTABILITY = YES;
				GCC_C_LANGUAGE_STANDARD = gnu11;
				GCC_DYNAMIC_NO_PIC = NO;
				GCC_NO_COMMON_BLOCKS = YES;
				GCC_OPTIMIZATION_LEVEL = 0;
				GCC_PREPROCESSOR_DEFINITIONS = (
					"DEBUG=1",
					"$(inherited)",
				);
				GCC_WARN_64_TO_32_BIT_CONVERSION = YES;
				GCC_WARN_ABOUT_RETURN_TYPE = YES_ERROR;
				GCC_WARN_UNDECLARED_SELECTOR = YES;
				GCC_WARN_UNINITIALIZED_AUTOS = YES_AGGRESSIVE;
				GCC_WARN_UNUSED_FUNCTION = YES;
				GCC_WARN_UNUSED_VARIABLE = YES;
				IPHONEOS_DEPLOYMENT_TARGET = 16.0;
				MTL_ENABLE_DEBUG_INFO = INCLUDE_SOURCE;
				MTL_FAST_MATH = YES;
				ONLY_ACTIVE_ARCH = YES;
				SDKROOT = iphoneos;
				SWIFT_ACTIVE_COMPILATION_CONDITIONS = DEBUG;
				SWIFT_OPTIMIZATION_LEVEL = "-Onone";
			};
			name = Debug;
		};
		E639FF3628DEC341002D496A /* Release */ = {
			isa = XCBuildConfiguration;
			buildSettings = {
				ALWAYS_SEARCH_USER_PATHS = NO;
				CLANG_ANALYZER_NONNULL = YES;
				CLANG_ANALYZER_NUMBER_OBJECT_CONVERSION = YES_AGGRESSIVE;
				CLANG_CXX_LANGUAGE_STANDARD = "gnu++20";
				CLANG_ENABLE_MODULES = YES;
				CLANG_ENABLE_OBJC_ARC = YES;
				CLANG_ENABLE_OBJC_WEAK = YES;
				CLANG_WARN_BLOCK_CAPTURE_AUTORELEASING = YES;
				CLANG_WARN_BOOL_CONVERSION = YES;
				CLANG_WARN_COMMA = YES;
				CLANG_WARN_CONSTANT_CONVERSION = YES;
				CLANG_WARN_DEPRECATED_OBJC_IMPLEMENTATIONS = YES;
				CLANG_WARN_DIRECT_OBJC_ISA_USAGE = YES_ERROR;
				CLANG_WARN_DOCUMENTATION_COMMENTS = YES;
				CLANG_WARN_EMPTY_BODY = YES;
				CLANG_WARN_ENUM_CONVERSION = YES;
				CLANG_WARN_INFINITE_RECURSION = YES;
				CLANG_WARN_INT_CONVERSION = YES;
				CLANG_WARN_NON_LITERAL_NULL_CONVERSION = YES;
				CLANG_WARN_OBJC_IMPLICIT_RETAIN_SELF = YES;
				CLANG_WARN_OBJC_LITERAL_CONVERSION = YES;
				CLANG_WARN_OBJC_ROOT_CLASS = YES_ERROR;
				CLANG_WARN_QUOTED_INCLUDE_IN_FRAMEWORK_HEADER = YES;
				CLANG_WARN_RANGE_LOOP_ANALYSIS = YES;
				CLANG_WARN_STRICT_PROTOTYPES = YES;
				CLANG_WARN_SUSPICIOUS_MOVE = YES;
				CLANG_WARN_UNGUARDED_AVAILABILITY = YES_AGGRESSIVE;
				CLANG_WARN_UNREACHABLE_CODE = YES;
				CLANG_WARN__DUPLICATE_METHOD_MATCH = YES;
				COPY_PHASE_STRIP = NO;
				DEBUG_INFORMATION_FORMAT = "dwarf-with-dsym";
				ENABLE_NS_ASSERTIONS = NO;
				ENABLE_STRICT_OBJC_MSGSEND = YES;
				GCC_C_LANGUAGE_STANDARD = gnu11;
				GCC_NO_COMMON_BLOCKS = YES;
				GCC_WARN_64_TO_32_BIT_CONVERSION = YES;
				GCC_WARN_ABOUT_RETURN_TYPE = YES_ERROR;
				GCC_WARN_UNDECLARED_SELECTOR = YES;
				GCC_WARN_UNINITIALIZED_AUTOS = YES_AGGRESSIVE;
				GCC_WARN_UNUSED_FUNCTION = YES;
				GCC_WARN_UNUSED_VARIABLE = YES;
				IPHONEOS_DEPLOYMENT_TARGET = 16.0;
				MTL_ENABLE_DEBUG_INFO = NO;
				MTL_FAST_MATH = YES;
				SDKROOT = iphoneos;
				SWIFT_COMPILATION_MODE = wholemodule;
				SWIFT_OPTIMIZATION_LEVEL = "-O";
				VALIDATE_PRODUCT = YES;
			};
			name = Release;
		};
		E639FF3828DEC341002D496A /* Debug */ = {
			isa = XCBuildConfiguration;
			buildSettings = {
				ASSETCATALOG_COMPILER_APPICON_NAME = AppIcon;
				ASSETCATALOG_COMPILER_GLOBAL_ACCENT_COLOR_NAME = AccentColor;
				CODE_SIGN_STYLE = Automatic;
				CURRENT_PROJECT_VERSION = 1;
				DEVELOPMENT_TEAM = HQS8MXQ7B5;
				GENERATE_INFOPLIST_FILE = YES;
				INFOPLIST_FILE = tabBarController/Info.plist;
				INFOPLIST_KEY_UIApplicationSupportsIndirectInputEvents = YES;
				INFOPLIST_KEY_UILaunchStoryboardName = LaunchScreen;
				INFOPLIST_KEY_UIMainStoryboardFile = Main;
				INFOPLIST_KEY_UISupportedInterfaceOrientations_iPad = "UIInterfaceOrientationPortrait UIInterfaceOrientationPortraitUpsideDown UIInterfaceOrientationLandscapeLeft UIInterfaceOrientationLandscapeRight";
				INFOPLIST_KEY_UISupportedInterfaceOrientations_iPhone = "UIInterfaceOrientationPortrait UIInterfaceOrientationLandscapeLeft UIInterfaceOrientationLandscapeRight";
				LD_RUNPATH_SEARCH_PATHS = (
					"$(inherited)",
					"@executable_path/Frameworks",
				);
				MARKETING_VERSION = 1.0;
				PRODUCT_BUNDLE_IDENTIFIER = kr.co.hyebin.tabBarController;
				PRODUCT_NAME = "$(TARGET_NAME)";
				SWIFT_EMIT_LOC_STRINGS = YES;
				SWIFT_VERSION = 5.0;
				TARGETED_DEVICE_FAMILY = "1,2";
			};
			name = Debug;
		};
		E639FF3928DEC341002D496A /* Release */ = {
			isa = XCBuildConfiguration;
			buildSettings = {
				ASSETCATALOG_COMPILER_APPICON_NAME = AppIcon;
				ASSETCATALOG_COMPILER_GLOBAL_ACCENT_COLOR_NAME = AccentColor;
				CODE_SIGN_STYLE = Automatic;
				CURRENT_PROJECT_VERSION = 1;
				DEVELOPMENT_TEAM = HQS8MXQ7B5;
				GENERATE_INFOPLIST_FILE = YES;
				INFOPLIST_FILE = tabBarController/Info.plist;
				INFOPLIST_KEY_UIApplicationSupportsIndirectInputEvents = YES;
				INFOPLIST_KEY_UILaunchStoryboardName = LaunchScreen;
				INFOPLIST_KEY_UIMainStoryboardFile = Main;
				INFOPLIST_KEY_UISupportedInterfaceOrientations_iPad = "UIInterfaceOrientationPortrait UIInterfaceOrientationPortraitUpsideDown UIInterfaceOrientationLandscapeLeft UIInterfaceOrientationLandscapeRight";
				INFOPLIST_KEY_UISupportedInterfaceOrientations_iPhone = "UIInterfaceOrientationPortrait UIInterfaceOrientationLandscapeLeft UIInterfaceOrientationLandscapeRight";
				LD_RUNPATH_SEARCH_PATHS = (
					"$(inherited)",
					"@executable_path/Frameworks",
				);
				MARKETING_VERSION = 1.0;
				PRODUCT_BUNDLE_IDENTIFIER = kr.co.hyebin.tabBarController;
				PRODUCT_NAME = "$(TARGET_NAME)";
				SWIFT_EMIT_LOC_STRINGS = YES;
				SWIFT_VERSION = 5.0;
				TARGETED_DEVICE_FAMILY = "1,2";
			};
			name = Release;
		};
/* End XCBuildConfiguration section */

/* Begin XCConfigurationList section */
		E639FF1E28DEC340002D496A /* Build configuration list for PBXProject "tabBarController" */ = {
			isa = XCConfigurationList;
			buildConfigurations = (
				E639FF3528DEC341002D496A /* Debug */,
				E639FF3628DEC341002D496A /* Release */,
			);
			defaultConfigurationIsVisible = 0;
			defaultConfigurationName = Release;
		};
		E639FF3728DEC341002D496A /* Build configuration list for PBXNativeTarget "tabBarController" */ = {
			isa = XCConfigurationList;
			buildConfigurations = (
				E639FF3828DEC341002D496A /* Debug */,
				E639FF3928DEC341002D496A /* Release */,
			);
			defaultConfigurationIsVisible = 0;
			defaultConfigurationName = Release;
		};
/* End XCConfigurationList section */
	};
	rootObject = E639FF1B28DEC340002D496A /* Project object */;
}
